apiVersion: vendir.k14s.io/v1alpha1
directories:
- contents:
  - git:
      commitTitle: 'Merge pull request #1148 from fluxcd/release-v1.0.0...'
      sha: a40e0da705f26710077a7591f9dad05b7cd55acd
      tags:
      - v1.0.0
    path: context
  - githubRelease:
      tag: v1.0.0
      url: https://api.github.com/repos/fluxcd/source-controller/releases/110891863
    path: release
  path: config/upstream
kind: LockConfig
